
Microsoft Visual Studio Solution File, Format Version 12.00
# Visual Studio Version 16
VisualStudioVersion = 16.0.29728.190
MinimumVisualStudioVersion = 10.0.40219.1
Project("{FAE04EC0-301F-11D3-BF4B-00C04F79EFBC}") = "Acme", "Acme\Acme.csproj", "{58C68F34-C97B-4EB7-8ECE-EED999524396}"
EndProject
Project("{FAE04EC0-301F-11D3-BF4B-00C04F79EFBC}") = "VariablesAndDataTypes", "VariablesAndDataTypes\VariablesAndDataTypes.csproj", "{BF5DD61C-4282-4208-9929-D3344A8CAB1C}"
EndProject
Project("{FAE04EC0-301F-11D3-BF4B-00C04F79EFBC}") = "MathAndComparisonOperators", "MathAndComparisonOperators\MathAndComparisonOperators.csproj", "{EBDEE838-8ECD-4EB6-88AB-605A0E5538AC}"
EndProject
Project("{FAE04EC0-301F-11D3-BF4B-00C04F79EFBC}") = "HourlyIncome", "HourlyIncome\HourlyIncome.csproj", "{40CAF2F8-6689-436A-8BB0-6CDF44F9CA87}"
EndProject
Global
	GlobalSection(SolutionConfigurationPlatforms) = preSolution
		Debug|Any CPU = Debug|Any CPU
		Release|Any CPU = Release|Any CPU
	EndGlobalSection
	GlobalSection(ProjectConfigurationPlatforms) = postSolution
		{58C68F34-C97B-4EB7-8ECE-EED999524396}.Debug|Any CPU.ActiveCfg = Debug|Any CPU
		{58C68F34-C97B-4EB7-8ECE-EED999524396}.Debug|Any CPU.Build.0 = Debug|Any CPU
		{58C68F34-C97B-4EB7-8ECE-EED999524396}.Release|Any CPU.ActiveCfg = Release|Any CPU
		{58C68F34-C97B-4EB7-8ECE-EED999524396}.Release|Any CPU.Build.0 = Release|Any CPU
		{BF5DD61C-4282-4208-9929-D3344A8CAB1C}.Debug|Any CPU.ActiveCfg = Debug|Any CPU
		{BF5DD61C-4282-4208-9929-D3344A8CAB1C}.Debug|Any CPU.Build.0 = Debug|Any CPU
		{BF5DD61C-4282-4208-9929-D3344A8CAB1C}.Release|Any CPU.ActiveCfg = Release|Any CPU
		{BF5DD61C-4282-4208-9929-D3344A8CAB1C}.Release|Any CPU.Build.0 = Release|Any CPU
		{EBDEE838-8ECD-4EB6-88AB-605A0E5538AC}.Debug|Any CPU.ActiveCfg = Debug|Any CPU
		{EBDEE838-8ECD-4EB6-88AB-605A0E5538AC}.Debug|Any CPU.Build.0 = Debug|Any CPU
		{EBDEE838-8ECD-4EB6-88AB-605A0E5538AC}.Release|Any CPU.ActiveCfg = Release|Any CPU
		{EBDEE838-8ECD-4EB6-88AB-605A0E5538AC}.Release|Any CPU.Build.0 = Release|Any CPU
		{40CAF2F8-6689-436A-8BB0-6CDF44F9CA87}.Debug|Any CPU.ActiveCfg = Debug|Any CPU
		{40CAF2F8-6689-436A-8BB0-6CDF44F9CA87}.Debug|Any CPU.Build.0 = Debug|Any CPU
		{40CAF2F8-6689-436A-8BB0-6CDF44F9CA87}.Release|Any CPU.ActiveCfg = Release|Any CPU
		{40CAF2F8-6689-436A-8BB0-6CDF44F9CA87}.Release|Any CPU.Build.0 = Release|Any CPU
	EndGlobalSection
	GlobalSection(SolutionProperties) = preSolution
		HideSolutionNode = FALSE
	EndGlobalSection
	GlobalSection(ExtensibilityGlobals) = postSolution
		SolutionGuid = {7DFC05A0-ABE7-4312-9AE2-0A34347502CC}
	EndGlobalSection
EndGlobal
